<?xml version="1.0" encoding="UTF-8" standalone="yes" ?>
<CodeBlocks_project_file>
	<FileVersion major="1" minor="6" />
	<Project>
		<Option title="MagicCarpet" />
		<Option pch_mode="2" />
		<Option compiler="gcc" />
		<Build>
			<Target title="Debug">
				<Option output="bin/Debug/MagicCarpet" prefix_auto="1" extension_auto="1" />
				<Option object_output="obj/Debug/" />
				<Option type="1" />
				<Option compiler="gcc" />
				<Compiler>
					<Add option="-g" />
				</Compiler>
			</Target>
			<Target title="Release">
				<Option output="bin/Release/MagicCarpet" prefix_auto="1" extension_auto="1" />
				<Option object_output="obj/Release/" />
				<Option type="1" />
				<Option compiler="gcc" />
				<Compiler>
					<Add option="-O2" />
				</Compiler>
				<Linker>
					<Add option="-s" />
				</Linker>
			</Target>
		</Build>
		<Compiler>
			<Add option="-O3" />
			<Add option="-Wall" />
			<Add directory="../irrlicht/include" />
		</Compiler>
		<Linker>
			<Add library="Irrlicht" />
			<Add library="GL" />
			<Add directory="../irrlicht/lib/Linux" />
		</Linker>
		<Unit filename="AIControl.cpp" />
		<Unit filename="AIControl.h" />
		<Unit filename="Arena.cpp" />
		<Unit filename="Arena.h" />
		<Unit filename="Carpet.cpp" />
		<Unit filename="Carpet.h" />
		<Unit filename="Character.cpp" />
		<Unit filename="Character.h" />
		<Unit filename="Control.cpp" />
		<Unit filename="Control.h" />
		<Unit filename="EmptyControl.cpp" />
		<Unit filename="EmptyControl.h" />
		<Unit filename="Game.cpp" />
		<Unit filename="Game.h" />
		<Unit filename="KeyboardControl.cpp" />
		<Unit filename="KeyboardControl.h" />
		<Unit filename="MastEventReceiver.cpp" />
		<Unit filename="MouseControl.cpp" />
		<Unit filename="MouseControl.h" />
		<Unit filename="Player.cpp" />
		<Unit filename="Player.h" />
		<Unit filename="Stick.cpp" />
		<Unit filename="Stick.h" />
		<Unit filename="WiiControl.cpp" />
		<Unit filename="WiiControl.h" />
		<Unit filename="main.cpp" />
		<Extensions>
			<code_completion>
				<search_path add="../irrlicht/source/Irrlicht" />
			</code_completion>
			<debugger />
		</Extensions>
	</Project>
</CodeBlocks_project_file>
